github.com/panr/hugo-theme-terminal v2.1.0+incompatible h1:oSqo5Q4lWiIcBDFaASgrCEdXaEtH43foBd/ti21MEGE=
github.com/panr/hugo-theme-terminal v2.1.0+incompatible/go.mod h1:kiO0NHUXPNrG6BFRlat5jc078p3e1f2sLlpt0a23MEY=
github.com/panr/hugo-theme-terminal/v4 v4.2.3 h1:BU4x0qPDTZao6kzT4hWrOwGVaYgo5GesQZr+ATMsQoM=
github.com/panr/hugo-theme-terminal/v4 v4.2.3/go.mod h1:W0sFodm5ipL5gjRqOFjg4zD+euoQ8hCtyDDtqSpihxM=
